// !$*UTF8*$!
{
	archiveVersion = 1;
	classes = {
	};
	objectVersion = 55;
	objects = {

/* Begin PBXBuildFile section */
		FA7284EB28C8F514002CB276 /* AppDelegate.swift in Sources */ = {isa = PBXBuildFile; fileRef = FA7284EA28C8F514002CB276 /* AppDelegate.swift */; };
		FA7284ED28C8F514002CB276 /* SceneDelegate.swift in Sources */ = {isa = PBXBuildFile; fileRef = FA7284EC28C8F514002CB276 /* SceneDelegate.swift */; };
		FA7284EF28C8F514002CB276 /* ViewController.swift in Sources */ = {isa = PBXBuildFile; fileRef = FA7284EE28C8F514002CB276 /* ViewController.swift */; };
		FA7284F228C8F514002CB276 /* Main.storyboard in Resources */ = {isa = PBXBuildFile; fileRef = FA7284F028C8F514002CB276 /* Main.storyboard */; };
		FA7284F428C8F515002CB276 /* Assets.xcassets in Resources */ = {isa = PBXBuildFile; fileRef = FA7284F328C8F515002CB276 /* Assets.xcassets */; };
		FA7284F728C8F515002CB276 /* LaunchScreen.storyboard in Resources */ = {isa = PBXBuildFile; fileRef = FA7284F528C8F515002CB276 /* LaunchScreen.storyboard */; };
		FA8F926D28D2C15D00B8D635 /* AllMediaTableViewController.swift in Sources */ = {isa = PBXBuildFile; fileRef = FA8F926C28D2C15D00B8D635 /* AllMediaTableViewController.swift */; };
		FA8F926F28D2C24B00B8D635 /* MediaModel.swift in Sources */ = {isa = PBXBuildFile; fileRef = FA8F926E28D2C24B00B8D635 /* MediaModel.swift */; };
		FA8F927128D2C9A600B8D635 /* MovieTableViewCell.swift in Sources */ = {isa = PBXBuildFile; fileRef = FA8F927028D2C9A600B8D635 /* MovieTableViewCell.swift */; };
		FA8F927328D2C9C300B8D635 /* ShowTableViewCell.swift in Sources */ = {isa = PBXBuildFile; fileRef = FA8F927228D2C9C300B8D635 /* ShowTableViewCell.swift */; };
		FA8F927528D2E0BC00B8D635 /* MovieViewController.swift in Sources */ = {isa = PBXBuildFile; fileRef = FA8F927428D2E0BC00B8D635 /* MovieViewController.swift */; };
		FA8F927728D2E0CA00B8D635 /* ShowViewController.swift in Sources */ = {isa = PBXBuildFile; fileRef = FA8F927628D2E0CA00B8D635 /* ShowViewController.swift */; };
/* End PBXBuildFile section */

/* Begin PBXFileReference section */
		FA7284E728C8F514002CB276 /* CS5323-Lab1.app */ = {isa = PBXFileReference; explicitFileType = wrapper.application; includeInIndex = 0; path = "CS5323-Lab1.app"; sourceTree = BUILT_PRODUCTS_DIR; };
		FA7284EA28C8F514002CB276 /* AppDelegate.swift */ = {isa = PBXFileReference; lastKnownFileType = sourcecode.swift; path = AppDelegate.swift; sourceTree = "<group>"; };
		FA7284EC28C8F514002CB276 /* SceneDelegate.swift */ = {isa = PBXFileReference; lastKnownFileType = sourcecode.swift; path = SceneDelegate.swift; sourceTree = "<group>"; };
		FA7284EE28C8F514002CB276 /* ViewController.swift */ = {isa = PBXFileReference; lastKnownFileType = sourcecode.swift; path = ViewController.swift; sourceTree = "<group>"; };
		FA7284F128C8F514002CB276 /* Base */ = {isa = PBXFileReference; lastKnownFileType = file.storyboard; name = Base; path = Base.lproj/Main.storyboard; sourceTree = "<group>"; };
		FA7284F328C8F515002CB276 /* Assets.xcassets */ = {isa = PBXFileReference; lastKnownFileType = folder.assetcatalog; path = Assets.xcassets; sourceTree = "<group>"; };
		FA7284F628C8F515002CB276 /* Base */ = {isa = PBXFileReference; lastKnownFileType = file.storyboard; name = Base; path = Base.lproj/LaunchScreen.storyboard; sourceTree = "<group>"; };
		FA7284F828C8F515002CB276 /* Info.plist */ = {isa = PBXFileReference; lastKnownFileType = text.plist.xml; path = Info.plist; sourceTree = "<group>"; };
		FA8F926C28D2C15D00B8D635 /* AllMediaTableViewController.swift */ = {isa = PBXFileReference; lastKnownFileType = sourcecode.swift; path = AllMediaTableViewController.swift; sourceTree = "<group>"; };
		FA8F926E28D2C24B00B8D635 /* MediaModel.swift */ = {isa = PBXFileReference; lastKnownFileType = sourcecode.swift; path = MediaModel.swift; sourceTree = "<group>"; };
		FA8F927028D2C9A600B8D635 /* MovieTableViewCell.swift */ = {isa = PBXFileReference; lastKnownFileType = sourcecode.swift; path = MovieTableViewCell.swift; sourceTree = "<group>"; };
		FA8F927228D2C9C300B8D635 /* ShowTableViewCell.swift */ = {isa = PBXFileReference; lastKnownFileType = sourcecode.swift; path = ShowTableViewCell.swift; sourceTree = "<group>"; };
		FA8F927428D2E0BC00B8D635 /* MovieViewController.swift */ = {isa = PBXFileReference; lastKnownFileType = sourcecode.swift; path = MovieViewController.swift; sourceTree = "<group>"; };
		FA8F927628D2E0CA00B8D635 /* ShowViewController.swift */ = {isa = PBXFileReference; lastKnownFileType = sourcecode.swift; path = ShowViewController.swift; sourceTree = "<group>"; };
/* End PBXFileReference section */

/* Begin PBXFrameworksBuildPhase section */
		FA7284E428C8F514002CB276 /* Frameworks */ = {
			isa = PBXFrameworksBuildPhase;
			buildActionMask = 2147483647;
			files = (
			);
			runOnlyForDeploymentPostprocessing = 0;
		};
/* End PBXFrameworksBuildPhase section */

/* Begin PBXGroup section */
		FA7284DE28C8F514002CB276 = {
			isa = PBXGroup;
			children = (
				FA7284E928C8F514002CB276 /* CS5323-Lab1 */,
				FA7284E828C8F514002CB276 /* Products */,
			);
			sourceTree = "<group>";
		};
		FA7284E828C8F514002CB276 /* Products */ = {
			isa = PBXGroup;
			children = (
				FA7284E728C8F514002CB276 /* CS5323-Lab1.app */,
			);
			name = Products;
			sourceTree = "<group>";
		};
		FA7284E928C8F514002CB276 /* CS5323-Lab1 */ = {
			isa = PBXGroup;
			children = (
				FA7284EA28C8F514002CB276 /* AppDelegate.swift */,
				FA7284EC28C8F514002CB276 /* SceneDelegate.swift */,
				FA7284EE28C8F514002CB276 /* ViewController.swift */,
				FA7284F028C8F514002CB276 /* Main.storyboard */,
				FA8F927628D2E0CA00B8D635 /* ShowViewController.swift */,
				FA8F927428D2E0BC00B8D635 /* MovieViewController.swift */,
				FA8F927228D2C9C300B8D635 /* ShowTableViewCell.swift */,
				FA8F927028D2C9A600B8D635 /* MovieTableViewCell.swift */,
				FA8F926C28D2C15D00B8D635 /* AllMediaTableViewController.swift */,
				FA8F926E28D2C24B00B8D635 /* MediaModel.swift */,
				FA7284F328C8F515002CB276 /* Assets.xcassets */,
				FA7284F528C8F515002CB276 /* LaunchScreen.storyboard */,
				FA7284F828C8F515002CB276 /* Info.plist */,
			);
			path = "CS5323-Lab1";
			sourceTree = "<group>";
		};
/* End PBXGroup section */

/* Begin PBXNativeTarget section */
		FA7284E628C8F514002CB276 /* CS5323-Lab1 */ = {
			isa = PBXNativeTarget;
			buildConfigurationList = FA7284FB28C8F515002CB276 /* Build configuration list for PBXNativeTarget "CS5323-Lab1" */;
			buildPhases = (
				FA7284E328C8F514002CB276 /* Sources */,
				FA7284E428C8F514002CB276 /* Frameworks */,
				FA7284E528C8F514002CB276 /* Resources */,
			);
			buildRules = (
			);
			dependencies = (
			);
			name = "CS5323-Lab1";
			productName = "CS5323-Lab1";
			productReference = FA7284E728C8F514002CB276 /* CS5323-Lab1.app */;
			productType = "com.apple.product-type.application";
		};
/* End PBXNativeTarget section */

/* Begin PBXProject section */
		FA7284DF28C8F514002CB276 /* Project object */ = {
			isa = PBXProject;
			attributes = {
				BuildIndependentTargetsInParallel = 1;
				LastSwiftUpdateCheck = 1340;
				LastUpgradeCheck = 1340;
				TargetAttributes = {
					FA7284E628C8F514002CB276 = {
						CreatedOnToolsVersion = 13.4.1;
					};
				};
			};
			buildConfigurationList = FA7284E228C8F514002CB276 /* Build configuration list for PBXProject "CS5323-Lab1" */;
			compatibilityVersion = "Xcode 13.0";
			developmentRegion = en;
			hasScannedForEncodings = 0;
			knownRegions = (
				en,
				Base,
			);
			mainGroup = FA7284DE28C8F514002CB276;
			productRefGroup = FA7284E828C8F514002CB276 /* Products */;
			projectDirPath = "";
			projectRoot = "";
			targets = (
				FA7284E628C8F514002CB276 /* CS5323-Lab1 */,
			);
		};
/* End PBXProject section */

/* Begin PBXResourcesBuildPhase section */
		FA7284E528C8F514002CB276 /* Resources */ = {
			isa = PBXResourcesBuildPhase;
			buildActionMask = 2147483647;
			files = (
				FA7284F728C8F515002CB276 /* LaunchScreen.storyboard in Resources */,
				FA7284F428C8F515002CB276 /* Assets.xcassets in Resources */,
				FA7284F228C8F514002CB276 /* Main.storyboard in Resources */,
			);
			runOnlyForDeploymentPostprocessing = 0;
		};
/* End PBXResourcesBuildPhase section */

/* Begin PBXSourcesBuildPhase section */
		FA7284E328C8F514002CB276 /* Sources */ = {
			isa = PBXSourcesBuildPhase;
			buildActionMask = 2147483647;
			files = (
				FA8F926D28D2C15D00B8D635 /* AllMediaTableViewController.swift in Sources */,
				FA7284EF28C8F514002CB276 /* ViewController.swift in Sources */,
				FA8F927328D2C9C300B8D635 /* ShowTableViewCell.swift in Sources */,
				FA8F927528D2E0BC00B8D635 /* MovieViewController.swift in Sources */,
				FA8F927128D2C9A600B8D635 /* MovieTableViewCell.swift in Sources */,
				FA8F927728D2E0CA00B8D635 /* ShowViewController.swift in Sources */,
				FA7284EB28C8F514002CB276 /* AppDelegate.swift in Sources */,
				FA8F926F28D2C24B00B8D635 /* MediaModel.swift in Sources */,
				FA7284ED28C8F514002CB276 /* SceneDelegate.swift in Sources */,
			);
			runOnlyForDeploymentPostprocessing = 0;
		};
/* End PBXSourcesBuildPhase section */

/* Begin PBXVariantGroup section */
		FA7284F028C8F514002CB276 /* Main.storyboard */ = {
			isa = PBXVariantGroup;
			children = (
				FA7284F128C8F514002CB276 /* Base */,
			);
			name = Main.storyboard;
			sourceTree = "<group>";
		};
		FA7284F528C8F515002CB276 /* LaunchScreen.storyboard */ = {
			isa = PBXVariantGroup;
			children = (
				FA7284F628C8F515002CB276 /* Base */,
			);
			name = LaunchScreen.storyboard;
			sourceTree = "<group>";
		};
/* End PBXVariantGroup section */

/* Begin XCBuildConfiguration section */
		FA7284F928C8F515002CB276 /* Debug */ = {
			isa = XCBuildConfiguration;
			buildSettings = {
				ALWAYS_SEARCH_USER_PATHS = NO;
				CLANG_ANALYZER_NONNULL = YES;
				CLANG_ANALYZER_NUMBER_OBJECT_CONVERSION = YES_AGGRESSIVE;
				CLANG_CXX_LANGUAGE_STANDARD = "gnu++17";
				CLANG_ENABLE_MODULES = YES;
				CLANG_ENABLE_OBJC_ARC = YES;
				CLANG_ENABLE_OBJC_WEAK = YES;
				CLANG_WARN_BLOCK_CAPTURE_AUTORELEASING = YES;
				CLANG_WARN_BOOL_CONVERSION = YES;
				CLANG_WARN_COMMA = YES;
				CLANG_WARN_CONSTANT_CONVERSION = YES;
				CLANG_WARN_DEPRECATED_OBJC_IMPLEMENTATIONS = YES;
				CLANG_WARN_DIRECT_OBJC_ISA_USAGE = YES_ERROR;
				CLANG_WARN_DOCUMENTATION_COMMENTS = YES;
				CLANG_WARN_EMPTY_BODY = YES;
				CLANG_WARN_ENUM_CONVERSION = YES;
				CLANG_WARN_INFINITE_RECURSION = YES;
				CLANG_WARN_INT_CONVERSION = YES;
				CLANG_WARN_NON_LITERAL_NULL_CONVERSION = YES;
				CLANG_WARN_OBJC_IMPLICIT_RETAIN_SELF = YES;
				CLANG_WARN_OBJC_LITERAL_CONVERSION = YES;
				CLANG_WARN_OBJC_ROOT_CLASS = YES_ERROR;
				CLANG_WARN_QUOTED_INCLUDE_IN_FRAMEWORK_HEADER = YES;
				CLANG_WARN_RANGE_LOOP_ANALYSIS = YES;
				CLANG_WARN_STRICT_PROTOTYPES = YES;
				CLANG_WARN_SUSPICIOUS_MOVE = YES;
				CLANG_WARN_UNGUARDED_AVAILABILITY = YES_AGGRESSIVE;
				CLANG_WARN_UNREACHABLE_CODE = YES;
				CLANG_WARN__DUPLICATE_METHOD_MATCH = YES;
				COPY_PHASE_STRIP = NO;
				DEBUG_INFORMATION_FORMAT = dwarf;
				ENABLE_STRICT_OBJC_MSGSEND = YES;
				ENABLE_TESTABILITY = YES;
				GCC_C_LANGUAGE_STANDARD = gnu11;
				GCC_DYNAMIC_NO_PIC = NO;
				GCC_NO_COMMON_BLOCKS = YES;
				GCC_OPTIMIZATION_LEVEL = 0;
				GCC_PREPROCESSOR_DEFINITIONS = (
					"DEBUG=1",
					"$(inherited)",
				);
				GCC_WARN_64_TO_32_BIT_CONVERSION = YES;
				GCC_WARN_ABOUT_RETURN_TYPE = YES_ERROR;
				GCC_WARN_UNDECLARED_SELECTOR = YES;
				GCC_WARN_UNINITIALIZED_AUTOS = YES_AGGRESSIVE;
				GCC_WARN_UNUSED_FUNCTION = YES;
				GCC_WARN_UNUSED_VARIABLE = YES;
				IPHONEOS_DEPLOYMENT_TARGET = 15.5;
				MTL_ENABLE_DEBUG_INFO = INCLUDE_SOURCE;
				MTL_FAST_MATH = YES;
				ONLY_ACTIVE_ARCH = YES;
				SDKROOT = iphoneos;
				SWIFT_ACTIVE_COMPILATION_CONDITIONS = DEBUG;
				SWIFT_OPTIMIZATION_LEVEL = "-Onone";
			};
			name = Debug;
		};
		FA7284FA28C8F515002CB276 /* Release */ = {
			isa = XCBuildConfiguration;
			buildSettings = {
				ALWAYS_SEARCH_USER_PATHS = NO;
				CLANG_ANALYZER_NONNULL = YES;
				CLANG_ANALYZER_NUMBER_OBJECT_CONVERSION = YES_AGGRESSIVE;
				CLANG_CXX_LANGUAGE_STANDARD = "gnu++17";
				CLANG_ENABLE_MODULES = YES;
				CLANG_ENABLE_OBJC_ARC = YES;
				CLANG_ENABLE_OBJC_WEAK = YES;
				CLANG_WARN_BLOCK_CAPTURE_AUTORELEASING = YES;
				CLANG_WARN_BOOL_CONVERSION = YES;
				CLANG_WARN_COMMA = YES;
				CLANG_WARN_CONSTANT_CONVERSION = YES;
				CLANG_WARN_DEPRECATED_OBJC_IMPLEMENTATIONS = YES;
				CLANG_WARN_DIRECT_OBJC_ISA_USAGE = YES_ERROR;
				CLANG_WARN_DOCUMENTATION_COMMENTS = YES;
				CLANG_WARN_EMPTY_BODY = YES;
				CLANG_WARN_ENUM_CONVERSION = YES;
				CLANG_WARN_INFINITE_RECURSION = YES;
				CLANG_WARN_INT_CONVERSION = YES;
				CLANG_WARN_NON_LITERAL_NULL_CONVERSION = YES;
				CLANG_WARN_OBJC_IMPLICIT_RETAIN_SELF = YES;
				CLANG_WARN_OBJC_LITERAL_CONVERSION = YES;
				CLANG_WARN_OBJC_ROOT_CLASS = YES_ERROR;
				CLANG_WARN_QUOTED_INCLUDE_IN_FRAMEWORK_HEADER = YES;
				CLANG_WARN_RANGE_LOOP_ANALYSIS = YES;
				CLANG_WARN_STRICT_PROTOTYPES = YES;
				CLANG_WARN_SUSPICIOUS_MOVE = YES;
				CLANG_WARN_UNGUARDED_AVAILABILITY = YES_AGGRESSIVE;
				CLANG_WARN_UNREACHABLE_CODE = YES;
				CLANG_WARN__DUPLICATE_METHOD_MATCH = YES;
				COPY_PHASE_STRIP = NO;
				DEBUG_INFORMATION_FORMAT = "dwarf-with-dsym";
				ENABLE_NS_ASSERTIONS = NO;
				ENABLE_STRICT_OBJC_MSGSEND = YES;
				GCC_C_LANGUAGE_STANDARD = gnu11;
				GCC_NO_COMMON_BLOCKS = YES;
				GCC_WARN_64_TO_32_BIT_CONVERSION = YES;
				GCC_WARN_ABOUT_RETURN_TYPE = YES_ERROR;
				GCC_WARN_UNDECLARED_SELECTOR = YES;
				GCC_WARN_UNINITIALIZED_AUTOS = YES_AGGRESSIVE;
				GCC_WARN_UNUSED_FUNCTION = YES;
				GCC_WARN_UNUSED_VARIABLE = YES;
				IPHONEOS_DEPLOYMENT_TARGET = 15.5;
				MTL_ENABLE_DEBUG_INFO = NO;
				MTL_FAST_MATH = YES;
				SDKROOT = iphoneos;
				SWIFT_COMPILATION_MODE = wholemodule;
				SWIFT_OPTIMIZATION_LEVEL = "-O";
				VALIDATE_PRODUCT = YES;
			};
			name = Release;
		};
		FA7284FC28C8F515002CB276 /* Debug */ = {
			isa = XCBuildConfiguration;
			buildSettings = {
				ASSETCATALOG_COMPILER_APPICON_NAME = AppIcon;
				ASSETCATALOG_COMPILER_GLOBAL_ACCENT_COLOR_NAME = AccentColor;
				CODE_SIGN_STYLE = Automatic;
				CURRENT_PROJECT_VERSION = 1;
				DEVELOPMENT_TEAM = 89QP597GBF;
				GENERATE_INFOPLIST_FILE = YES;
				INFOPLIST_FILE = "CS5323-Lab1/Info.plist";
				INFOPLIST_KEY_UIApplicationSupportsIndirectInputEvents = YES;
				INFOPLIST_KEY_UILaunchStoryboardName = LaunchScreen;
				INFOPLIST_KEY_UIMainStoryboardFile = Main;
				INFOPLIST_KEY_UISupportedInterfaceOrientations_iPad = "UIInterfaceOrientationPortrait UIInterfaceOrientationPortraitUpsideDown UIInterfaceOrientationLandscapeLeft UIInterfaceOrientationLandscapeRight";
				INFOPLIST_KEY_UISupportedInterfaceOrientations_iPhone = "UIInterfaceOrientationPortrait UIInterfaceOrientationLandscapeLeft UIInterfaceOrientationLandscapeRight";
				LD_RUNPATH_SEARCH_PATHS = (
					"$(inherited)",
					"@executable_path/Frameworks",
				);
				MARKETING_VERSION = 1.0;
				PRODUCT_BUNDLE_IDENTIFIER = "walln.CS5323-Lab1";
				PRODUCT_NAME = "$(TARGET_NAME)";
				SWIFT_EMIT_LOC_STRINGS = YES;
				SWIFT_VERSION = 5.0;
				TARGETED_DEVICE_FAMILY = "1,2";
			};
			name = Debug;
		};
		FA7284FD28C8F515002CB276 /* Release */ = {
			isa = XCBuildConfiguration;
			buildSettings = {
				ASSETCATALOG_COMPILER_APPICON_NAME = AppIcon;
				ASSETCATALOG_COMPILER_GLOBAL_ACCENT_COLOR_NAME = AccentColor;
				CODE_SIGN_STYLE = Automatic;
				CURRENT_PROJECT_VERSION = 1;
				DEVELOPMENT_TEAM = 89QP597GBF;
				GENERATE_INFOPLIST_FILE = YES;
				INFOPLIST_FILE = "CS5323-Lab1/Info.plist";
				INFOPLIST_KEY_UIApplicationSupportsIndirectInputEvents = YES;
				INFOPLIST_KEY_UILaunchStoryboardName = LaunchScreen;
				INFOPLIST_KEY_UIMainStoryboardFile = Main;
				INFOPLIST_KEY_UISupportedInterfaceOrientations_iPad = "UIInterfaceOrientationPortrait UIInterfaceOrientationPortraitUpsideDown UIInterfaceOrientationLandscapeLeft UIInterfaceOrientationLandscapeRight";
				INFOPLIST_KEY_UISupportedInterfaceOrientations_iPhone = "UIInterfaceOrientationPortrait UIInterfaceOrientationLandscapeLeft UIInterfaceOrientationLandscapeRight";
				LD_RUNPATH_SEARCH_PATHS = (
					"$(inherited)",
					"@executable_path/Frameworks",
				);
				MARKETING_VERSION = 1.0;
				PRODUCT_BUNDLE_IDENTIFIER = "walln.CS5323-Lab1";
				PRODUCT_NAME = "$(TARGET_NAME)";
				SWIFT_EMIT_LOC_STRINGS = YES;
				SWIFT_VERSION = 5.0;
				TARGETED_DEVICE_FAMILY = "1,2";
			};
			name = Release;
		};
/* End XCBuildConfiguration section */

/* Begin XCConfigurationList section */
		FA7284E228C8F514002CB276 /* Build configuration list for PBXProject "CS5323-Lab1" */ = {
			isa = XCConfigurationList;
			buildConfigurations = (
				FA7284F928C8F515002CB276 /* Debug */,
				FA7284FA28C8F515002CB276 /* Release */,
			);
			defaultConfigurationIsVisible = 0;
			defaultConfigurationName = Release;
		};
		FA7284FB28C8F515002CB276 /* Build configuration list for PBXNativeTarget "CS5323-Lab1" */ = {
			isa = XCConfigurationList;
			buildConfigurations = (
				FA7284FC28C8F515002CB276 /* Debug */,
				FA7284FD28C8F515002CB276 /* Release */,
			);
			defaultConfigurationIsVisible = 0;
			defaultConfigurationName = Release;
		};
/* End XCConfigurationList section */
	};
	rootObject = FA7284DF28C8F514002CB276 /* Project object */;
}
